
Microsoft Visual Studio Solution File, Format Version 12.00
# Visual Studio Version 17
VisualStudioVersion = 17.11.35222.181
MinimumVisualStudioVersion = 10.0.40219.1
Project("{8BC9CEB8-8B4A-11D0-8D11-00A0C91BC942}") = "BinarySearchTree", "BinarySearchTree\BinarySearchTree.vcxproj", "{667CE89F-2DA0-409E-A2BA-3FBA58D62198}"
EndProject
Global
	GlobalSection(SolutionConfigurationPlatforms) = preSolution
		Debug|x64 = Debug|x64
		Debug|x86 = Debug|x86
		Release|x64 = Release|x64
		Release|x86 = Release|x86
	EndGlobalSection
	GlobalSection(ProjectConfigurationPlatforms) = postSolution
		{667CE89F-2DA0-409E-A2BA-3FBA58D62198}.Debug|x64.ActiveCfg = Debug|x64
		{667CE89F-2DA0-409E-A2BA-3FBA58D62198}.Debug|x64.Build.0 = Debug|x64
		{667CE89F-2DA0-409E-A2BA-3FBA58D62198}.Debug|x86.ActiveCfg = Debug|Win32
		{667CE89F-2DA0-409E-A2BA-3FBA58D62198}.Debug|x86.Build.0 = Debug|Win32
		{667CE89F-2DA0-409E-A2BA-3FBA58D62198}.Release|x64.ActiveCfg = Release|x64
		{667CE89F-2DA0-409E-A2BA-3FBA58D62198}.Release|x64.Build.0 = Release|x64
		{667CE89F-2DA0-409E-A2BA-3FBA58D62198}.Release|x86.ActiveCfg = Release|Win32
		{667CE89F-2DA0-409E-A2BA-3FBA58D62198}.Release|x86.Build.0 = Release|Win32
	EndGlobalSection
	GlobalSection(SolutionProperties) = preSolution
		HideSolutionNode = FALSE
	EndGlobalSection
	GlobalSection(ExtensibilityGlobals) = postSolution
		SolutionGuid = {59341B4F-E7E9-4ECD-8F2A-32D01967E7CE}
	EndGlobalSection
EndGlobal
